
Microsoft Visual Studio Solution File, Format Version 12.00
# Visual Studio Version 16
VisualStudioVersion = 16.0.30804.86
MinimumVisualStudioVersion = 10.0.40219.1
Project("{FAE04EC0-301F-11D3-BF4B-00C04F79EFBC}") = "SPT.eCommerce.Cart.Container", "SPT.eCommerce.Cart.Container\SPT.eCommerce.Cart.Container.csproj", "{B0110A55-E59D-4868-801A-65943F522888}"
EndProject
Global
	GlobalSection(SolutionConfigurationPlatforms) = preSolution
		Debug|Any CPU = Debug|Any CPU
		Release|Any CPU = Release|Any CPU
	EndGlobalSection
	GlobalSection(ProjectConfigurationPlatforms) = postSolution
		{B0110A55-E59D-4868-801A-65943F522888}.Debug|Any CPU.ActiveCfg = Debug|Any CPU
		{B0110A55-E59D-4868-801A-65943F522888}.Debug|Any CPU.Build.0 = Debug|Any CPU
		{B0110A55-E59D-4868-801A-65943F522888}.Release|Any CPU.ActiveCfg = Release|Any CPU
		{B0110A55-E59D-4868-801A-65943F522888}.Release|Any CPU.Build.0 = Release|Any CPU
	EndGlobalSection
	GlobalSection(SolutionProperties) = preSolution
		HideSolutionNode = FALSE
	EndGlobalSection
	GlobalSection(ExtensibilityGlobals) = postSolution
		SolutionGuid = {EA35B832-2E6F-4A79-8B13-D17F22C791A7}
	EndGlobalSection
EndGlobal
